
Microsoft Visual Studio Solution File, Format Version 12.00
# Visual Studio Version 17
VisualStudioVersion = 17.6.33723.286
MinimumVisualStudioVersion = 10.0.40219.1
Project("{FAE04EC0-301F-11D3-BF4B-00C04F79EFBC}") = "Desafio", "Desafio\Desafio.csproj", "{4FA4D9C1-5D18-4BBF-8347-FAF744A6DAC6}"
EndProject
Global
	GlobalSection(SolutionConfigurationPlatforms) = preSolution
		Debug|Any CPU = Debug|Any CPU
		Release|Any CPU = Release|Any CPU
	EndGlobalSection
	GlobalSection(ProjectConfigurationPlatforms) = postSolution
		{4FA4D9C1-5D18-4BBF-8347-FAF744A6DAC6}.Debug|Any CPU.ActiveCfg = Debug|Any CPU
		{4FA4D9C1-5D18-4BBF-8347-FAF744A6DAC6}.Debug|Any CPU.Build.0 = Debug|Any CPU
		{4FA4D9C1-5D18-4BBF-8347-FAF744A6DAC6}.Release|Any CPU.ActiveCfg = Release|Any CPU
		{4FA4D9C1-5D18-4BBF-8347-FAF744A6DAC6}.Release|Any CPU.Build.0 = Release|Any CPU
	EndGlobalSection
	GlobalSection(SolutionProperties) = preSolution
		HideSolutionNode = FALSE
	EndGlobalSection
	GlobalSection(ExtensibilityGlobals) = postSolution
		SolutionGuid = {C818448E-1516-49E4-B328-3262D1575586}
	EndGlobalSection
EndGlobal
